
Microsoft Visual Studio Solution File, Format Version 12.00
# Visual Studio Version 16
VisualStudioVersion = 16.0.30523.141
MinimumVisualStudioVersion = 10.0.40219.1
Project("{FAE04EC0-301F-11D3-BF4B-00C04F79EFBC}") = "CoffeeMachine", "CoffeeMachine.csproj", "{9C18F573-B17E-46E1-89C1-85CD4B238D00}"
EndProject
Global
	GlobalSection(SolutionConfigurationPlatforms) = preSolution
		Debug|Any CPU = Debug|Any CPU
		Release|Any CPU = Release|Any CPU
	EndGlobalSection
	GlobalSection(ProjectConfigurationPlatforms) = postSolution
		{9C18F573-B17E-46E1-89C1-85CD4B238D00}.Debug|Any CPU.ActiveCfg = Debug|Any CPU
		{9C18F573-B17E-46E1-89C1-85CD4B238D00}.Debug|Any CPU.Build.0 = Debug|Any CPU
		{9C18F573-B17E-46E1-89C1-85CD4B238D00}.Release|Any CPU.ActiveCfg = Release|Any CPU
		{9C18F573-B17E-46E1-89C1-85CD4B238D00}.Release|Any CPU.Build.0 = Release|Any CPU
	EndGlobalSection
	GlobalSection(SolutionProperties) = preSolution
		HideSolutionNode = FALSE
	EndGlobalSection
	GlobalSection(ExtensibilityGlobals) = postSolution
		SolutionGuid = {F409C4C1-4322-4CDE-AB93-2AEFEE2C37EC}
	EndGlobalSection
EndGlobal
