
Microsoft Visual Studio Solution File, Format Version 12.00
# Visual Studio Version 16
VisualStudioVersion = 16.0.30523.141
MinimumVisualStudioVersion = 10.0.40219.1
Project("{FAE04EC0-301F-11D3-BF4B-00C04F79EFBC}") = "Expression", "Expression.csproj", "{EEAD20E2-0347-42B2-8280-01A0B9928150}"
EndProject
Global
	GlobalSection(SolutionConfigurationPlatforms) = preSolution
		Debug|Any CPU = Debug|Any CPU
		Release|Any CPU = Release|Any CPU
	EndGlobalSection
	GlobalSection(ProjectConfigurationPlatforms) = postSolution
		{EEAD20E2-0347-42B2-8280-01A0B9928150}.Debug|Any CPU.ActiveCfg = Debug|Any CPU
		{EEAD20E2-0347-42B2-8280-01A0B9928150}.Debug|Any CPU.Build.0 = Debug|Any CPU
		{EEAD20E2-0347-42B2-8280-01A0B9928150}.Release|Any CPU.ActiveCfg = Release|Any CPU
		{EEAD20E2-0347-42B2-8280-01A0B9928150}.Release|Any CPU.Build.0 = Release|Any CPU
	EndGlobalSection
	GlobalSection(SolutionProperties) = preSolution
		HideSolutionNode = FALSE
	EndGlobalSection
	GlobalSection(ExtensibilityGlobals) = postSolution
		SolutionGuid = {74F2209E-1BAC-4514-91C8-FDDC554A985E}
	EndGlobalSection
EndGlobal
